
Microsoft Visual Studio Solution File, Format Version 12.00
# Visual Studio Version 17
VisualStudioVersion = 17.4.33110.190
MinimumVisualStudioVersion = 10.0.40219.1
Project("{9A19103F-16F7-4668-BE54-9A1E7A4F7556}") = "13.1.4", "13.1.4\13.1.4.csproj", "{740EF3DD-5F02-4E5A-BE2D-8F0E4A25FE85}"
EndProject
Project("{9A19103F-16F7-4668-BE54-9A1E7A4F7556}") = "13.1.6", "13.1.6\13.1.6.csproj", "{6E210146-CF67-4FA9-816A-CE8DFEA869B8}"
EndProject
Project("{FAE04EC0-301F-11D3-BF4B-00C04F79EFBC}") = "13.2.5", "13.2.5\13.2.5.csproj", "{5878DD21-C6E3-4EBD-90D5-BA470E922A02}"
EndProject
Project("{FAE04EC0-301F-11D3-BF4B-00C04F79EFBC}") = "13.2.6", "13.2.6\13.2.6.csproj", "{FBA9397C-B3CF-48E0-BF60-5CD9E37C7B9C}"
EndProject
Global
	GlobalSection(SolutionConfigurationPlatforms) = preSolution
		Debug|Any CPU = Debug|Any CPU
		Release|Any CPU = Release|Any CPU
	EndGlobalSection
	GlobalSection(ProjectConfigurationPlatforms) = postSolution
		{740EF3DD-5F02-4E5A-BE2D-8F0E4A25FE85}.Debug|Any CPU.ActiveCfg = Debug|Any CPU
		{740EF3DD-5F02-4E5A-BE2D-8F0E4A25FE85}.Debug|Any CPU.Build.0 = Debug|Any CPU
		{740EF3DD-5F02-4E5A-BE2D-8F0E4A25FE85}.Release|Any CPU.ActiveCfg = Release|Any CPU
		{740EF3DD-5F02-4E5A-BE2D-8F0E4A25FE85}.Release|Any CPU.Build.0 = Release|Any CPU
		{6E210146-CF67-4FA9-816A-CE8DFEA869B8}.Debug|Any CPU.ActiveCfg = Debug|Any CPU
		{6E210146-CF67-4FA9-816A-CE8DFEA869B8}.Debug|Any CPU.Build.0 = Debug|Any CPU
		{6E210146-CF67-4FA9-816A-CE8DFEA869B8}.Release|Any CPU.ActiveCfg = Release|Any CPU
		{6E210146-CF67-4FA9-816A-CE8DFEA869B8}.Release|Any CPU.Build.0 = Release|Any CPU
		{5878DD21-C6E3-4EBD-90D5-BA470E922A02}.Debug|Any CPU.ActiveCfg = Debug|Any CPU
		{5878DD21-C6E3-4EBD-90D5-BA470E922A02}.Debug|Any CPU.Build.0 = Debug|Any CPU
		{5878DD21-C6E3-4EBD-90D5-BA470E922A02}.Release|Any CPU.ActiveCfg = Release|Any CPU
		{5878DD21-C6E3-4EBD-90D5-BA470E922A02}.Release|Any CPU.Build.0 = Release|Any CPU
		{FBA9397C-B3CF-48E0-BF60-5CD9E37C7B9C}.Debug|Any CPU.ActiveCfg = Debug|Any CPU
		{FBA9397C-B3CF-48E0-BF60-5CD9E37C7B9C}.Debug|Any CPU.Build.0 = Debug|Any CPU
		{FBA9397C-B3CF-48E0-BF60-5CD9E37C7B9C}.Release|Any CPU.ActiveCfg = Release|Any CPU
		{FBA9397C-B3CF-48E0-BF60-5CD9E37C7B9C}.Release|Any CPU.Build.0 = Release|Any CPU
	EndGlobalSection
	GlobalSection(SolutionProperties) = preSolution
		HideSolutionNode = FALSE
	EndGlobalSection
	GlobalSection(ExtensibilityGlobals) = postSolution
		SolutionGuid = {17A538DA-2F88-4DC5-AAD6-F522FB679F43}
	EndGlobalSection
EndGlobal
